{
  "name": "four",
  "version": "1.0.0",
  "lockfileVersion": 1,
  "requires": true,
  "dependencies": {
    "fs": {
      "version": "0.0.2",
      "resolved": "https://registry.npmjs.org/fs/-/fs-0.0.2.tgz",
      "integrity": "sha1-4fJE7zkzwbKmS9R5kTYGDQ9ZFPg="
    },
    "jpeg-js": {
      "version": "0.4.3",
      "resolved": "https://registry.npmjs.org/jpeg-js/-/jpeg-js-0.4.3.tgz",
      "integrity": "sha512-ru1HWKek8octvUHFHvE5ZzQ1yAsJmIvRdGWvSoKV52XKyuyYA437QWDttXT8eZXDSbuMpHlLzPDZUPd6idIz+Q=="
    },
    "js-image-generator": {
      "version": "1.0.3",
      "resolved": "https://registry.npmjs.org/js-image-generator/-/js-image-generator-1.0.3.tgz",
      "integrity": "sha512-fKTAa415UqRxnEHXk4lM2q37t5vqboUFiFC+o0sPjFCl+EydaE952wuF9etbLd8txuMzray7zpiGv+iyYfZ1aA==",
      "requires": {
        "jpeg-js": "^0.4.2"
      }
    },
    "random-image-creator": {
      "version": "file:create-random-image",
      "requires": {
        "fs": "0.0.2",
        "js-image-generator": "^1.0.2",
        "random-js": "^1.0.8",
        "random-words": "0.0.1"
      }
    },
    "random-js": {
      "version": "1.0.8",
      "resolved": "https://registry.npmjs.org/random-js/-/random-js-1.0.8.tgz",
      "integrity": "sha1-lo/WiabyXWwKrHZig94vaIycGQo="
    },
    "random-words": {
      "version": "0.0.1",
      "resolved": "https://registry.npmjs.org/random-words/-/random-words-0.0.1.tgz",
      "integrity": "sha1-QOMAkgM62Ptg1mrRW+NiDTwlxB8="
    }
  }
}
